
Microsoft Visual Studio Solution File, Format Version 12.00
# Visual Studio 2013
VisualStudioVersion = 12.0.31101.0
MinimumVisualStudioVersion = 10.0.40219.1
Project("{8BC9CEB8-8B4A-11D0-8D11-00A0C91BC942}") = "CopyBootDrivers", "CopyBootDrivers\CopyBootDrivers.vcxproj", "{EB8D311C-F6F8-4300-B3EB-7F2F99586789}"
	ProjectSection(ProjectDependencies) = postProject
		{F5444C6C-BB6D-4244-B3C5-B9C71E7842AA} = {F5444C6C-BB6D-4244-B3C5-B9C71E7842AA}
	EndProjectSection
EndProject
Project("{8BC9CEB8-8B4A-11D0-8D11-00A0C91BC942}") = "CopyStartupFiles", "CopyStartupFiles\CopyStartupFiles.vcxproj", "{60A75A5D-2C4D-4682-9121-FFA73CDD2F41}"
	ProjectSection(ProjectDependencies) = postProject
		{F5444C6C-BB6D-4244-B3C5-B9C71E7842AA} = {F5444C6C-BB6D-4244-B3C5-B9C71E7842AA}
	EndProjectSection
EndProject
Project("{8BC9CEB8-8B4A-11D0-8D11-00A0C91BC942}") = "Common", "Common\Common.vcxproj", "{F5444C6C-BB6D-4244-B3C5-B9C71E7842AA}"
EndProject
Project("{8BC9CEB8-8B4A-11D0-8D11-00A0C91BC942}") = "GalileoFilter", "GalileoFilter\GalileoFilter.vcxproj", "{F0540951-A405-4182-9E28-1E895A615999}"
EndProject
Project("{8BC9CEB8-8B4A-11D0-8D11-00A0C91BC942}") = "GalileoUser", "GalileoUser\GalileoUser.vcxproj", "{932AE723-0F67-4E4F-B790-38BA0096ACF8}"
	ProjectSection(ProjectDependencies) = postProject
		{F5444C6C-BB6D-4244-B3C5-B9C71E7842AA} = {F5444C6C-BB6D-4244-B3C5-B9C71E7842AA}
	EndProjectSection
EndProject
Global
	GlobalSection(SolutionConfigurationPlatforms) = preSolution
		Debug|Mixed Platforms = Debug|Mixed Platforms
		Debug|Win32 = Debug|Win32
		Debug|x64 = Debug|x64
		Release|Mixed Platforms = Release|Mixed Platforms
		Release|Win32 = Release|Win32
		Release|x64 = Release|x64
		Win7 Debug|Mixed Platforms = Win7 Debug|Mixed Platforms
		Win7 Debug|Win32 = Win7 Debug|Win32
		Win7 Debug|x64 = Win7 Debug|x64
		Win7 Release|Mixed Platforms = Win7 Release|Mixed Platforms
		Win7 Release|Win32 = Win7 Release|Win32
		Win7 Release|x64 = Win7 Release|x64
		Win8 Debug|Mixed Platforms = Win8 Debug|Mixed Platforms
		Win8 Debug|Win32 = Win8 Debug|Win32
		Win8 Debug|x64 = Win8 Debug|x64
		Win8 Release|Mixed Platforms = Win8 Release|Mixed Platforms
		Win8 Release|Win32 = Win8 Release|Win32
		Win8 Release|x64 = Win8 Release|x64
		Win8.1 Debug|Mixed Platforms = Win8.1 Debug|Mixed Platforms
		Win8.1 Debug|Win32 = Win8.1 Debug|Win32
		Win8.1 Debug|x64 = Win8.1 Debug|x64
		Win8.1 Release|Mixed Platforms = Win8.1 Release|Mixed Platforms
		Win8.1 Release|Win32 = Win8.1 Release|Win32
		Win8.1 Release|x64 = Win8.1 Release|x64
	EndGlobalSection
	GlobalSection(ProjectConfigurationPlatforms) = postSolution
		{EB8D311C-F6F8-4300-B3EB-7F2F99586789}.Debug|Mixed Platforms.ActiveCfg = Release|x64
		{EB8D311C-F6F8-4300-B3EB-7F2F99586789}.Debug|Mixed Platforms.Build.0 = Release|x64
		{EB8D311C-F6F8-4300-B3EB-7F2F99586789}.Debug|Win32.ActiveCfg = Release|x64
		{EB8D311C-F6F8-4300-B3EB-7F2F99586789}.Debug|Win32.Build.0 = Release|x64
		{EB8D311C-F6F8-4300-B3EB-7F2F99586789}.Debug|x64.ActiveCfg = Debug|x64
		{EB8D311C-F6F8-4300-B3EB-7F2F99586789}.Debug|x64.Build.0 = Debug|x64
		{EB8D311C-F6F8-4300-B3EB-7F2F99586789}.Release|Mixed Platforms.ActiveCfg = Release|x64
		{EB8D311C-F6F8-4300-B3EB-7F2F99586789}.Release|Mixed Platforms.Build.0 = Release|x64
		{EB8D311C-F6F8-4300-B3EB-7F2F99586789}.Release|Win32.ActiveCfg = Release|x64
		{EB8D311C-F6F8-4300-B3EB-7F2F99586789}.Release|Win32.Build.0 = Release|x64
		{EB8D311C-F6F8-4300-B3EB-7F2F99586789}.Release|x64.ActiveCfg = Release|x64
		{EB8D311C-F6F8-4300-B3EB-7F2F99586789}.Release|x64.Build.0 = Release|x64
		{EB8D311C-F6F8-4300-B3EB-7F2F99586789}.Win7 Debug|Mixed Platforms.ActiveCfg = Release|x64
		{EB8D311C-F6F8-4300-B3EB-7F2F99586789}.Win7 Debug|Mixed Platforms.Build.0 = Release|x64
		{EB8D311C-F6F8-4300-B3EB-7F2F99586789}.Win7 Debug|Win32.ActiveCfg = Release|x64
		{EB8D311C-F6F8-4300-B3EB-7F2F99586789}.Win7 Debug|Win32.Build.0 = Release|x64
		{EB8D311C-F6F8-4300-B3EB-7F2F99586789}.Win7 Debug|x64.ActiveCfg = Release|x64
		{EB8D311C-F6F8-4300-B3EB-7F2F99586789}.Win7 Debug|x64.Build.0 = Release|x64
		{EB8D311C-F6F8-4300-B3EB-7F2F99586789}.Win7 Release|Mixed Platforms.ActiveCfg = Release|x64
		{EB8D311C-F6F8-4300-B3EB-7F2F99586789}.Win7 Release|Mixed Platforms.Build.0 = Release|x64
		{EB8D311C-F6F8-4300-B3EB-7F2F99586789}.Win7 Release|Win32.ActiveCfg = Release|x64
		{EB8D311C-F6F8-4300-B3EB-7F2F99586789}.Win7 Release|Win32.Build.0 = Release|x64
		{EB8D311C-F6F8-4300-B3EB-7F2F99586789}.Win7 Release|x64.ActiveCfg = Release|x64
		{EB8D311C-F6F8-4300-B3EB-7F2F99586789}.Win7 Release|x64.Build.0 = Release|x64
		{EB8D311C-F6F8-4300-B3EB-7F2F99586789}.Win8 Debug|Mixed Platforms.ActiveCfg = Release|x64
		{EB8D311C-F6F8-4300-B3EB-7F2F99586789}.Win8 Debug|Mixed Platforms.Build.0 = Release|x64
		{EB8D311C-F6F8-4300-B3EB-7F2F99586789}.Win8 Debug|Win32.ActiveCfg = Release|x64
		{EB8D311C-F6F8-4300-B3EB-7F2F99586789}.Win8 Debug|Win32.Build.0 = Release|x64
		{EB8D311C-F6F8-4300-B3EB-7F2F99586789}.Win8 Debug|x64.ActiveCfg = Release|x64
		{EB8D311C-F6F8-4300-B3EB-7F2F99586789}.Win8 Debug|x64.Build.0 = Release|x64
		{EB8D311C-F6F8-4300-B3EB-7F2F99586789}.Win8 Release|Mixed Platforms.ActiveCfg = Release|x64
		{EB8D311C-F6F8-4300-B3EB-7F2F99586789}.Win8 Release|Mixed Platforms.Build.0 = Release|x64
		{EB8D311C-F6F8-4300-B3EB-7F2F99586789}.Win8 Release|Win32.ActiveCfg = Release|x64
		{EB8D311C-F6F8-4300-B3EB-7F2F99586789}.Win8 Release|Win32.Build.0 = Release|x64
		{EB8D311C-F6F8-4300-B3EB-7F2F99586789}.Win8 Release|x64.ActiveCfg = Release|x64
		{EB8D311C-F6F8-4300-B3EB-7F2F99586789}.Win8 Release|x64.Build.0 = Release|x64
		{EB8D311C-F6F8-4300-B3EB-7F2F99586789}.Win8.1 Debug|Mixed Platforms.ActiveCfg = Release|x64
		{EB8D311C-F6F8-4300-B3EB-7F2F99586789}.Win8.1 Debug|Mixed Platforms.Build.0 = Release|x64
		{EB8D311C-F6F8-4300-B3EB-7F2F99586789}.Win8.1 Debug|Win32.ActiveCfg = Release|x64
		{EB8D311C-F6F8-4300-B3EB-7F2F99586789}.Win8.1 Debug|Win32.Build.0 = Release|x64
		{EB8D311C-F6F8-4300-B3EB-7F2F99586789}.Win8.1 Debug|x64.ActiveCfg = Release|x64
		{EB8D311C-F6F8-4300-B3EB-7F2F99586789}.Win8.1 Debug|x64.Build.0 = Release|x64
		{EB8D311C-F6F8-4300-B3EB-7F2F99586789}.Win8.1 Release|Mixed Platforms.ActiveCfg = Release|x64
		{EB8D311C-F6F8-4300-B3EB-7F2F99586789}.Win8.1 Release|Mixed Platforms.Build.0 = Release|x64
		{EB8D311C-F6F8-4300-B3EB-7F2F99586789}.Win8.1 Release|Win32.ActiveCfg = Release|x64
		{EB8D311C-F6F8-4300-B3EB-7F2F99586789}.Win8.1 Release|Win32.Build.0 = Release|x64
		{EB8D311C-F6F8-4300-B3EB-7F2F99586789}.Win8.1 Release|x64.ActiveCfg = Release|x64
		{EB8D311C-F6F8-4300-B3EB-7F2F99586789}.Win8.1 Release|x64.Build.0 = Release|x64
		{60A75A5D-2C4D-4682-9121-FFA73CDD2F41}.Debug|Mixed Platforms.ActiveCfg = Release|x64
		{60A75A5D-2C4D-4682-9121-FFA73CDD2F41}.Debug|Mixed Platforms.Build.0 = Release|x64
		{60A75A5D-2C4D-4682-9121-FFA73CDD2F41}.Debug|Win32.ActiveCfg = Release|x64
		{60A75A5D-2C4D-4682-9121-FFA73CDD2F41}.Debug|Win32.Build.0 = Release|x64
		{60A75A5D-2C4D-4682-9121-FFA73CDD2F41}.Debug|x64.ActiveCfg = Debug|x64
		{60A75A5D-2C4D-4682-9121-FFA73CDD2F41}.Debug|x64.Build.0 = Debug|x64
		{60A75A5D-2C4D-4682-9121-FFA73CDD2F41}.Release|Mixed Platforms.ActiveCfg = Release|x64
		{60A75A5D-2C4D-4682-9121-FFA73CDD2F41}.Release|Mixed Platforms.Build.0 = Release|x64
		{60A75A5D-2C4D-4682-9121-FFA73CDD2F41}.Release|Win32.ActiveCfg = Release|x64
		{60A75A5D-2C4D-4682-9121-FFA73CDD2F41}.Release|Win32.Build.0 = Release|x64
		{60A75A5D-2C4D-4682-9121-FFA73CDD2F41}.Release|x64.ActiveCfg = Release|x64
		{60A75A5D-2C4D-4682-9121-FFA73CDD2F41}.Release|x64.Build.0 = Release|x64
		{60A75A5D-2C4D-4682-9121-FFA73CDD2F41}.Win7 Debug|Mixed Platforms.ActiveCfg = Release|x64
		{60A75A5D-2C4D-4682-9121-FFA73CDD2F41}.Win7 Debug|Mixed Platforms.Build.0 = Release|x64
		{60A75A5D-2C4D-4682-9121-FFA73CDD2F41}.Win7 Debug|Win32.ActiveCfg = Release|x64
		{60A75A5D-2C4D-4682-9121-FFA73CDD2F41}.Win7 Debug|Win32.Build.0 = Release|x64
		{60A75A5D-2C4D-4682-9121-FFA73CDD2F41}.Win7 Debug|x64.ActiveCfg = Release|x64
		{60A75A5D-2C4D-4682-9121-FFA73CDD2F41}.Win7 Debug|x64.Build.0 = Release|x64
		{60A75A5D-2C4D-4682-9121-FFA73CDD2F41}.Win7 Release|Mixed Platforms.ActiveCfg = Release|x64
		{60A75A5D-2C4D-4682-9121-FFA73CDD2F41}.Win7 Release|Mixed Platforms.Build.0 = Release|x64
		{60A75A5D-2C4D-4682-9121-FFA73CDD2F41}.Win7 Release|Win32.ActiveCfg = Release|x64
		{60A75A5D-2C4D-4682-9121-FFA73CDD2F41}.Win7 Release|Win32.Build.0 = Release|x64
		{60A75A5D-2C4D-4682-9121-FFA73CDD2F41}.Win7 Release|x64.ActiveCfg = Release|x64
		{60A75A5D-2C4D-4682-9121-FFA73CDD2F41}.Win7 Release|x64.Build.0 = Release|x64
		{60A75A5D-2C4D-4682-9121-FFA73CDD2F41}.Win8 Debug|Mixed Platforms.ActiveCfg = Release|x64
		{60A75A5D-2C4D-4682-9121-FFA73CDD2F41}.Win8 Debug|Mixed Platforms.Build.0 = Release|x64
		{60A75A5D-2C4D-4682-9121-FFA73CDD2F41}.Win8 Debug|Win32.ActiveCfg = Release|x64
		{60A75A5D-2C4D-4682-9121-FFA73CDD2F41}.Win8 Debug|Win32.Build.0 = Release|x64
		{60A75A5D-2C4D-4682-9121-FFA73CDD2F41}.Win8 Debug|x64.ActiveCfg = Release|x64
		{60A75A5D-2C4D-4682-9121-FFA73CDD2F41}.Win8 Debug|x64.Build.0 = Release|x64
		{60A75A5D-2C4D-4682-9121-FFA73CDD2F41}.Win8 Release|Mixed Platforms.ActiveCfg = Release|x64
		{60A75A5D-2C4D-4682-9121-FFA73CDD2F41}.Win8 Release|Mixed Platforms.Build.0 = Release|x64
		{60A75A5D-2C4D-4682-9121-FFA73CDD2F41}.Win8 Release|Win32.ActiveCfg = Release|x64
		{60A75A5D-2C4D-4682-9121-FFA73CDD2F41}.Win8 Release|Win32.Build.0 = Release|x64
		{60A75A5D-2C4D-4682-9121-FFA73CDD2F41}.Win8 Release|x64.ActiveCfg = Release|x64
		{60A75A5D-2C4D-4682-9121-FFA73CDD2F41}.Win8 Release|x64.Build.0 = Release|x64
		{60A75A5D-2C4D-4682-9121-FFA73CDD2F41}.Win8.1 Debug|Mixed Platforms.ActiveCfg = Release|x64
		{60A75A5D-2C4D-4682-9121-FFA73CDD2F41}.Win8.1 Debug|Mixed Platforms.Build.0 = Release|x64
		{60A75A5D-2C4D-4682-9121-FFA73CDD2F41}.Win8.1 Debug|Win32.ActiveCfg = Release|x64
		{60A75A5D-2C4D-4682-9121-FFA73CDD2F41}.Win8.1 Debug|Win32.Build.0 = Release|x64
		{60A75A5D-2C4D-4682-9121-FFA73CDD2F41}.Win8.1 Debug|x64.ActiveCfg = Release|x64
		{60A75A5D-2C4D-4682-9121-FFA73CDD2F41}.Win8.1 Debug|x64.Build.0 = Release|x64
		{60A75A5D-2C4D-4682-9121-FFA73CDD2F41}.Win8.1 Release|Mixed Platforms.ActiveCfg = Release|x64
		{60A75A5D-2C4D-4682-9121-FFA73CDD2F41}.Win8.1 Release|Mixed Platforms.Build.0 = Release|x64
		{60A75A5D-2C4D-4682-9121-FFA73CDD2F41}.Win8.1 Release|Win32.ActiveCfg = Release|x64
		{60A75A5D-2C4D-4682-9121-FFA73CDD2F41}.Win8.1 Release|Win32.Build.0 = Release|x64
		{60A75A5D-2C4D-4682-9121-FFA73CDD2F41}.Win8.1 Release|x64.ActiveCfg = Release|x64
		{60A75A5D-2C4D-4682-9121-FFA73CDD2F41}.Win8.1 Release|x64.Build.0 = Release|x64
		{F5444C6C-BB6D-4244-B3C5-B9C71E7842AA}.Debug|Mixed Platforms.ActiveCfg = Release|x64
		{F5444C6C-BB6D-4244-B3C5-B9C71E7842AA}.Debug|Mixed Platforms.Build.0 = Release|x64
		{F5444C6C-BB6D-4244-B3C5-B9C71E7842AA}.Debug|Win32.ActiveCfg = Release|x64
		{F5444C6C-BB6D-4244-B3C5-B9C71E7842AA}.Debug|Win32.Build.0 = Release|x64
		{F5444C6C-BB6D-4244-B3C5-B9C71E7842AA}.Debug|x64.ActiveCfg = Debug|x64
		{F5444C6C-BB6D-4244-B3C5-B9C71E7842AA}.Debug|x64.Build.0 = Debug|x64
		{F5444C6C-BB6D-4244-B3C5-B9C71E7842AA}.Release|Mixed Platforms.ActiveCfg = Release|x64
		{F5444C6C-BB6D-4244-B3C5-B9C71E7842AA}.Release|Mixed Platforms.Build.0 = Release|x64
		{F5444C6C-BB6D-4244-B3C5-B9C71E7842AA}.Release|Win32.ActiveCfg = Release|x64
		{F5444C6C-BB6D-4244-B3C5-B9C71E7842AA}.Release|Win32.Build.0 = Release|x64
		{F5444C6C-BB6D-4244-B3C5-B9C71E7842AA}.Release|x64.ActiveCfg = Release|x64
		{F5444C6C-BB6D-4244-B3C5-B9C71E7842AA}.Release|x64.Build.0 = Release|x64
		{F5444C6C-BB6D-4244-B3C5-B9C71E7842AA}.Win7 Debug|Mixed Platforms.ActiveCfg = Release|x64
		{F5444C6C-BB6D-4244-B3C5-B9C71E7842AA}.Win7 Debug|Mixed Platforms.Build.0 = Release|x64
		{F5444C6C-BB6D-4244-B3C5-B9C71E7842AA}.Win7 Debug|Win32.ActiveCfg = Release|x64
		{F5444C6C-BB6D-4244-B3C5-B9C71E7842AA}.Win7 Debug|Win32.Build.0 = Release|x64
		{F5444C6C-BB6D-4244-B3C5-B9C71E7842AA}.Win7 Debug|x64.ActiveCfg = Release|x64
		{F5444C6C-BB6D-4244-B3C5-B9C71E7842AA}.Win7 Debug|x64.Build.0 = Release|x64
		{F5444C6C-BB6D-4244-B3C5-B9C71E7842AA}.Win7 Release|Mixed Platforms.ActiveCfg = Release|x64
		{F5444C6C-BB6D-4244-B3C5-B9C71E7842AA}.Win7 Release|Mixed Platforms.Build.0 = Release|x64
		{F5444C6C-BB6D-4244-B3C5-B9C71E7842AA}.Win7 Release|Win32.ActiveCfg = Release|x64
		{F5444C6C-BB6D-4244-B3C5-B9C71E7842AA}.Win7 Release|Win32.Build.0 = Release|x64
		{F5444C6C-BB6D-4244-B3C5-B9C71E7842AA}.Win7 Release|x64.ActiveCfg = Release|x64
		{F5444C6C-BB6D-4244-B3C5-B9C71E7842AA}.Win7 Release|x64.Build.0 = Release|x64
		{F5444C6C-BB6D-4244-B3C5-B9C71E7842AA}.Win8 Debug|Mixed Platforms.ActiveCfg = Release|x64
		{F5444C6C-BB6D-4244-B3C5-B9C71E7842AA}.Win8 Debug|Mixed Platforms.Build.0 = Release|x64
		{F5444C6C-BB6D-4244-B3C5-B9C71E7842AA}.Win8 Debug|Win32.ActiveCfg = Release|x64
		{F5444C6C-BB6D-4244-B3C5-B9C71E7842AA}.Win8 Debug|Win32.Build.0 = Release|x64
		{F5444C6C-BB6D-4244-B3C5-B9C71E7842AA}.Win8 Debug|x64.ActiveCfg = Release|x64
		{F5444C6C-BB6D-4244-B3C5-B9C71E7842AA}.Win8 Debug|x64.Build.0 = Release|x64
		{F5444C6C-BB6D-4244-B3C5-B9C71E7842AA}.Win8 Release|Mixed Platforms.ActiveCfg = Release|x64
		{F5444C6C-BB6D-4244-B3C5-B9C71E7842AA}.Win8 Release|Mixed Platforms.Build.0 = Release|x64
		{F5444C6C-BB6D-4244-B3C5-B9C71E7842AA}.Win8 Release|Win32.ActiveCfg = Release|x64
		{F5444C6C-BB6D-4244-B3C5-B9C71E7842AA}.Win8 Release|Win32.Build.0 = Release|x64
		{F5444C6C-BB6D-4244-B3C5-B9C71E7842AA}.Win8 Release|x64.ActiveCfg = Release|x64
		{F5444C6C-BB6D-4244-B3C5-B9C71E7842AA}.Win8 Release|x64.Build.0 = Release|x64
		{F5444C6C-BB6D-4244-B3C5-B9C71E7842AA}.Win8.1 Debug|Mixed Platforms.ActiveCfg = Release|x64
		{F5444C6C-BB6D-4244-B3C5-B9C71E7842AA}.Win8.1 Debug|Mixed Platforms.Build.0 = Release|x64
		{F5444C6C-BB6D-4244-B3C5-B9C71E7842AA}.Win8.1 Debug|Win32.ActiveCfg = Release|x64
		{F5444C6C-BB6D-4244-B3C5-B9C71E7842AA}.Win8.1 Debug|Win32.Build.0 = Release|x64
		{F5444C6C-BB6D-4244-B3C5-B9C71E7842AA}.Win8.1 Debug|x64.ActiveCfg = Release|x64
		{F5444C6C-BB6D-4244-B3C5-B9C71E7842AA}.Win8.1 Debug|x64.Build.0 = Release|x64
		{F5444C6C-BB6D-4244-B3C5-B9C71E7842AA}.Win8.1 Release|Mixed Platforms.ActiveCfg = Release|x64
		{F5444C6C-BB6D-4244-B3C5-B9C71E7842AA}.Win8.1 Release|Mixed Platforms.Build.0 = Release|x64
		{F5444C6C-BB6D-4244-B3C5-B9C71E7842AA}.Win8.1 Release|Win32.ActiveCfg = Release|x64
		{F5444C6C-BB6D-4244-B3C5-B9C71E7842AA}.Win8.1 Release|Win32.Build.0 = Release|x64
		{F5444C6C-BB6D-4244-B3C5-B9C71E7842AA}.Win8.1 Release|x64.ActiveCfg = Release|x64
		{F5444C6C-BB6D-4244-B3C5-B9C71E7842AA}.Win8.1 Release|x64.Build.0 = Release|x64
		{F0540951-A405-4182-9E28-1E895A615999}.Debug|Mixed Platforms.ActiveCfg = Win8.1 Release|x64
		{F0540951-A405-4182-9E28-1E895A615999}.Debug|Mixed Platforms.Build.0 = Win8.1 Release|x64
		{F0540951-A405-4182-9E28-1E895A615999}.Debug|Mixed Platforms.Deploy.0 = Win8.1 Debug|Win32
		{F0540951-A405-4182-9E28-1E895A615999}.Debug|Win32.ActiveCfg = Win8.1 Release|x64
		{F0540951-A405-4182-9E28-1E895A615999}.Debug|Win32.Build.0 = Win8.1 Release|x64
		{F0540951-A405-4182-9E28-1E895A615999}.Debug|Win32.Deploy.0 = Win8.1 Debug|Win32
		{F0540951-A405-4182-9E28-1E895A615999}.Debug|x64.ActiveCfg = Win8.1 Debug|x64
		{F0540951-A405-4182-9E28-1E895A615999}.Debug|x64.Build.0 = Win8.1 Debug|x64
		{F0540951-A405-4182-9E28-1E895A615999}.Release|Mixed Platforms.ActiveCfg = Win8.1 Release|x64
		{F0540951-A405-4182-9E28-1E895A615999}.Release|Mixed Platforms.Build.0 = Win8.1 Release|x64
		{F0540951-A405-4182-9E28-1E895A615999}.Release|Mixed Platforms.Deploy.0 = Win8.1 Release|Win32
		{F0540951-A405-4182-9E28-1E895A615999}.Release|Win32.ActiveCfg = Win8.1 Release|x64
		{F0540951-A405-4182-9E28-1E895A615999}.Release|Win32.Build.0 = Win8.1 Release|x64
		{F0540951-A405-4182-9E28-1E895A615999}.Release|Win32.Deploy.0 = Win8.1 Release|Win32
		{F0540951-A405-4182-9E28-1E895A615999}.Release|x64.ActiveCfg = Win8.1 Release|x64
		{F0540951-A405-4182-9E28-1E895A615999}.Release|x64.Build.0 = Win8.1 Release|x64
		{F0540951-A405-4182-9E28-1E895A615999}.Release|x64.Deploy.0 = Win8.1 Release|x64
		{F0540951-A405-4182-9E28-1E895A615999}.Win7 Debug|Mixed Platforms.ActiveCfg = Win8.1 Release|x64
		{F0540951-A405-4182-9E28-1E895A615999}.Win7 Debug|Mixed Platforms.Build.0 = Win8.1 Release|x64
		{F0540951-A405-4182-9E28-1E895A615999}.Win7 Debug|Mixed Platforms.Deploy.0 = Win7 Debug|Win32
		{F0540951-A405-4182-9E28-1E895A615999}.Win7 Debug|Win32.ActiveCfg = Win8.1 Release|x64
		{F0540951-A405-4182-9E28-1E895A615999}.Win7 Debug|Win32.Build.0 = Win8.1 Release|x64
		{F0540951-A405-4182-9E28-1E895A615999}.Win7 Debug|Win32.Deploy.0 = Win7 Debug|Win32
		{F0540951-A405-4182-9E28-1E895A615999}.Win7 Debug|x64.ActiveCfg = Win8.1 Release|x64
		{F0540951-A405-4182-9E28-1E895A615999}.Win7 Debug|x64.Build.0 = Win8.1 Release|x64
		{F0540951-A405-4182-9E28-1E895A615999}.Win7 Debug|x64.Deploy.0 = Win7 Debug|x64
		{F0540951-A405-4182-9E28-1E895A615999}.Win7 Release|Mixed Platforms.ActiveCfg = Win8.1 Release|x64
		{F0540951-A405-4182-9E28-1E895A615999}.Win7 Release|Mixed Platforms.Build.0 = Win8.1 Release|x64
		{F0540951-A405-4182-9E28-1E895A615999}.Win7 Release|Mixed Platforms.Deploy.0 = Win7 Release|Win32
		{F0540951-A405-4182-9E28-1E895A615999}.Win7 Release|Win32.ActiveCfg = Win8.1 Release|x64
		{F0540951-A405-4182-9E28-1E895A615999}.Win7 Release|Win32.Build.0 = Win8.1 Release|x64
		{F0540951-A405-4182-9E28-1E895A615999}.Win7 Release|Win32.Deploy.0 = Win7 Release|Win32
		{F0540951-A405-4182-9E28-1E895A615999}.Win7 Release|x64.ActiveCfg = Win8.1 Release|x64
		{F0540951-A405-4182-9E28-1E895A615999}.Win7 Release|x64.Build.0 = Win8.1 Release|x64
		{F0540951-A405-4182-9E28-1E895A615999}.Win7 Release|x64.Deploy.0 = Win7 Release|x64
		{F0540951-A405-4182-9E28-1E895A615999}.Win8 Debug|Mixed Platforms.ActiveCfg = Win8.1 Release|x64
		{F0540951-A405-4182-9E28-1E895A615999}.Win8 Debug|Mixed Platforms.Build.0 = Win8.1 Release|x64
		{F0540951-A405-4182-9E28-1E895A615999}.Win8 Debug|Mixed Platforms.Deploy.0 = Win8 Debug|Win32
		{F0540951-A405-4182-9E28-1E895A615999}.Win8 Debug|Win32.ActiveCfg = Win8.1 Release|x64
		{F0540951-A405-4182-9E28-1E895A615999}.Win8 Debug|Win32.Build.0 = Win8.1 Release|x64
		{F0540951-A405-4182-9E28-1E895A615999}.Win8 Debug|Win32.Deploy.0 = Win8 Debug|Win32
		{F0540951-A405-4182-9E28-1E895A615999}.Win8 Debug|x64.ActiveCfg = Win8.1 Release|x64
		{F0540951-A405-4182-9E28-1E895A615999}.Win8 Debug|x64.Build.0 = Win8.1 Release|x64
		{F0540951-A405-4182-9E28-1E895A615999}.Win8 Debug|x64.Deploy.0 = Win8 Debug|x64
		{F0540951-A405-4182-9E28-1E895A615999}.Win8 Release|Mixed Platforms.ActiveCfg = Win8.1 Release|x64
		{F0540951-A405-4182-9E28-1E895A615999}.Win8 Release|Mixed Platforms.Build.0 = Win8.1 Release|x64
		{F0540951-A405-4182-9E28-1E895A615999}.Win8 Release|Mixed Platforms.Deploy.0 = Win8 Release|Win32
		{F0540951-A405-4182-9E28-1E895A615999}.Win8 Release|Win32.ActiveCfg = Win8.1 Release|x64
		{F0540951-A405-4182-9E28-1E895A615999}.Win8 Release|Win32.Build.0 = Win8.1 Release|x64
		{F0540951-A405-4182-9E28-1E895A615999}.Win8 Release|Win32.Deploy.0 = Win8 Release|Win32
		{F0540951-A405-4182-9E28-1E895A615999}.Win8 Release|x64.ActiveCfg = Win8.1 Release|x64
		{F0540951-A405-4182-9E28-1E895A615999}.Win8 Release|x64.Build.0 = Win8.1 Release|x64
		{F0540951-A405-4182-9E28-1E895A615999}.Win8 Release|x64.Deploy.0 = Win8 Release|x64
		{F0540951-A405-4182-9E28-1E895A615999}.Win8.1 Debug|Mixed Platforms.ActiveCfg = Win8.1 Release|x64
		{F0540951-A405-4182-9E28-1E895A615999}.Win8.1 Debug|Mixed Platforms.Build.0 = Win8.1 Release|x64
		{F0540951-A405-4182-9E28-1E895A615999}.Win8.1 Debug|Mixed Platforms.Deploy.0 = Win8.1 Debug|Win32
		{F0540951-A405-4182-9E28-1E895A615999}.Win8.1 Debug|Win32.ActiveCfg = Win8.1 Release|x64
		{F0540951-A405-4182-9E28-1E895A615999}.Win8.1 Debug|Win32.Build.0 = Win8.1 Release|x64
		{F0540951-A405-4182-9E28-1E895A615999}.Win8.1 Debug|Win32.Deploy.0 = Win8.1 Debug|Win32
		{F0540951-A405-4182-9E28-1E895A615999}.Win8.1 Debug|x64.ActiveCfg = Win8.1 Release|x64
		{F0540951-A405-4182-9E28-1E895A615999}.Win8.1 Debug|x64.Build.0 = Win8.1 Release|x64
		{F0540951-A405-4182-9E28-1E895A615999}.Win8.1 Debug|x64.Deploy.0 = Win8.1 Debug|x64
		{F0540951-A405-4182-9E28-1E895A615999}.Win8.1 Release|Mixed Platforms.ActiveCfg = Win8.1 Release|x64
		{F0540951-A405-4182-9E28-1E895A615999}.Win8.1 Release|Mixed Platforms.Build.0 = Win8.1 Release|x64
		{F0540951-A405-4182-9E28-1E895A615999}.Win8.1 Release|Mixed Platforms.Deploy.0 = Win8.1 Release|Win32
		{F0540951-A405-4182-9E28-1E895A615999}.Win8.1 Release|Win32.ActiveCfg = Win8.1 Release|x64
		{F0540951-A405-4182-9E28-1E895A615999}.Win8.1 Release|Win32.Build.0 = Win8.1 Release|x64
		{F0540951-A405-4182-9E28-1E895A615999}.Win8.1 Release|Win32.Deploy.0 = Win8.1 Release|Win32
		{F0540951-A405-4182-9E28-1E895A615999}.Win8.1 Release|x64.ActiveCfg = Win8.1 Release|x64
		{F0540951-A405-4182-9E28-1E895A615999}.Win8.1 Release|x64.Build.0 = Win8.1 Release|x64
		{F0540951-A405-4182-9E28-1E895A615999}.Win8.1 Release|x64.Deploy.0 = Win8.1 Release|x64
		{932AE723-0F67-4E4F-B790-38BA0096ACF8}.Debug|Mixed Platforms.ActiveCfg = Release|x64
		{932AE723-0F67-4E4F-B790-38BA0096ACF8}.Debug|Mixed Platforms.Build.0 = Release|x64
		{932AE723-0F67-4E4F-B790-38BA0096ACF8}.Debug|Win32.ActiveCfg = Release|x64
		{932AE723-0F67-4E4F-B790-38BA0096ACF8}.Debug|Win32.Build.0 = Release|x64
		{932AE723-0F67-4E4F-B790-38BA0096ACF8}.Debug|x64.ActiveCfg = Debug|x64
		{932AE723-0F67-4E4F-B790-38BA0096ACF8}.Debug|x64.Build.0 = Debug|x64
		{932AE723-0F67-4E4F-B790-38BA0096ACF8}.Release|Mixed Platforms.ActiveCfg = Release|x64
		{932AE723-0F67-4E4F-B790-38BA0096ACF8}.Release|Mixed Platforms.Build.0 = Release|x64
		{932AE723-0F67-4E4F-B790-38BA0096ACF8}.Release|Win32.ActiveCfg = Release|x64
		{932AE723-0F67-4E4F-B790-38BA0096ACF8}.Release|Win32.Build.0 = Release|x64
		{932AE723-0F67-4E4F-B790-38BA0096ACF8}.Release|x64.ActiveCfg = Release|x64
		{932AE723-0F67-4E4F-B790-38BA0096ACF8}.Release|x64.Build.0 = Release|x64
		{932AE723-0F67-4E4F-B790-38BA0096ACF8}.Win7 Debug|Mixed Platforms.ActiveCfg = Release|x64
		{932AE723-0F67-4E4F-B790-38BA0096ACF8}.Win7 Debug|Mixed Platforms.Build.0 = Release|x64
		{932AE723-0F67-4E4F-B790-38BA0096ACF8}.Win7 Debug|Win32.ActiveCfg = Release|x64
		{932AE723-0F67-4E4F-B790-38BA0096ACF8}.Win7 Debug|Win32.Build.0 = Release|x64
		{932AE723-0F67-4E4F-B790-38BA0096ACF8}.Win7 Debug|x64.ActiveCfg = Release|x64
		{932AE723-0F67-4E4F-B790-38BA0096ACF8}.Win7 Debug|x64.Build.0 = Release|x64
		{932AE723-0F67-4E4F-B790-38BA0096ACF8}.Win7 Release|Mixed Platforms.ActiveCfg = Release|x64
		{932AE723-0F67-4E4F-B790-38BA0096ACF8}.Win7 Release|Mixed Platforms.Build.0 = Release|x64
		{932AE723-0F67-4E4F-B790-38BA0096ACF8}.Win7 Release|Win32.ActiveCfg = Release|x64
		{932AE723-0F67-4E4F-B790-38BA0096ACF8}.Win7 Release|Win32.Build.0 = Release|x64
		{932AE723-0F67-4E4F-B790-38BA0096ACF8}.Win7 Release|x64.ActiveCfg = Release|x64
		{932AE723-0F67-4E4F-B790-38BA0096ACF8}.Win7 Release|x64.Build.0 = Release|x64
		{932AE723-0F67-4E4F-B790-38BA0096ACF8}.Win8 Debug|Mixed Platforms.ActiveCfg = Release|x64
		{932AE723-0F67-4E4F-B790-38BA0096ACF8}.Win8 Debug|Mixed Platforms.Build.0 = Release|x64
		{932AE723-0F67-4E4F-B790-38BA0096ACF8}.Win8 Debug|Win32.ActiveCfg = Release|x64
		{932AE723-0F67-4E4F-B790-38BA0096ACF8}.Win8 Debug|Win32.Build.0 = Release|x64
		{932AE723-0F67-4E4F-B790-38BA0096ACF8}.Win8 Debug|x64.ActiveCfg = Release|x64
		{932AE723-0F67-4E4F-B790-38BA0096ACF8}.Win8 Debug|x64.Build.0 = Release|x64
		{932AE723-0F67-4E4F-B790-38BA0096ACF8}.Win8 Release|Mixed Platforms.ActiveCfg = Release|x64
		{932AE723-0F67-4E4F-B790-38BA0096ACF8}.Win8 Release|Mixed Platforms.Build.0 = Release|x64
		{932AE723-0F67-4E4F-B790-38BA0096ACF8}.Win8 Release|Win32.ActiveCfg = Release|x64
		{932AE723-0F67-4E4F-B790-38BA0096ACF8}.Win8 Release|Win32.Build.0 = Release|x64
		{932AE723-0F67-4E4F-B790-38BA0096ACF8}.Win8 Release|x64.ActiveCfg = Release|x64
		{932AE723-0F67-4E4F-B790-38BA0096ACF8}.Win8 Release|x64.Build.0 = Release|x64
		{932AE723-0F67-4E4F-B790-38BA0096ACF8}.Win8.1 Debug|Mixed Platforms.ActiveCfg = Release|x64
		{932AE723-0F67-4E4F-B790-38BA0096ACF8}.Win8.1 Debug|Mixed Platforms.Build.0 = Release|x64
		{932AE723-0F67-4E4F-B790-38BA0096ACF8}.Win8.1 Debug|Win32.ActiveCfg = Release|x64
		{932AE723-0F67-4E4F-B790-38BA0096ACF8}.Win8.1 Debug|Win32.Build.0 = Release|x64
		{932AE723-0F67-4E4F-B790-38BA0096ACF8}.Win8.1 Debug|x64.ActiveCfg = Release|x64
		{932AE723-0F67-4E4F-B790-38BA0096ACF8}.Win8.1 Debug|x64.Build.0 = Release|x64
		{932AE723-0F67-4E4F-B790-38BA0096ACF8}.Win8.1 Release|Mixed Platforms.ActiveCfg = Release|x64
		{932AE723-0F67-4E4F-B790-38BA0096ACF8}.Win8.1 Release|Mixed Platforms.Build.0 = Release|x64
		{932AE723-0F67-4E4F-B790-38BA0096ACF8}.Win8.1 Release|Win32.ActiveCfg = Release|x64
		{932AE723-0F67-4E4F-B790-38BA0096ACF8}.Win8.1 Release|Win32.Build.0 = Release|x64
		{932AE723-0F67-4E4F-B790-38BA0096ACF8}.Win8.1 Release|x64.ActiveCfg = Release|x64
		{932AE723-0F67-4E4F-B790-38BA0096ACF8}.Win8.1 Release|x64.Build.0 = Release|x64
	EndGlobalSection
	GlobalSection(SolutionProperties) = preSolution
		HideSolutionNode = FALSE
	EndGlobalSection
EndGlobal
